
Microsoft Visual Studio Solution File, Format Version 12.00
Project("{FAE04EC0-301F-11D3-BF4B-00C04F79EFBC}") = "Travel-Booking-.NET", "Travel-Booking-.NET.csproj", "{62973BFC-5F32-4B03-B1FF-428BE8335DFE}"
EndProject
Global
	GlobalSection(SolutionConfigurationPlatforms) = preSolution
		Debug|Any CPU = Debug|Any CPU
		Release|Any CPU = Release|Any CPU
	EndGlobalSection
	GlobalSection(ProjectConfigurationPlatforms) = postSolution
		{62973BFC-5F32-4B03-B1FF-428BE8335DFE}.Debug|Any CPU.ActiveCfg = Debug|Any CPU
		{62973BFC-5F32-4B03-B1FF-428BE8335DFE}.Debug|Any CPU.Build.0 = Debug|Any CPU
		{62973BFC-5F32-4B03-B1FF-428BE8335DFE}.Release|Any CPU.ActiveCfg = Release|Any CPU
		{62973BFC-5F32-4B03-B1FF-428BE8335DFE}.Release|Any CPU.Build.0 = Release|Any CPU
	EndGlobalSection
EndGlobal
